
Microsoft Visual Studio Solution File, Format Version 12.00
# Visual Studio Express 2012 for Windows Desktop
Project("{FAE04EC0-301F-11D3-BF4B-00C04F79EFBC}") = "Homework3", "Homework3\Homework3.csproj", "{287D5AAC-72D9-4BD5-A35E-D2A8E820BA6E}"
EndProject
Project("{FAE04EC0-301F-11D3-BF4B-00C04F79EFBC}") = "MiddlewareTesting", "MiddlewareTesting\MiddlewareTesting.csproj", "{91CC21ED-A77E-4205-A755-483AD09ED2F3}"
EndProject
Project("{FAE04EC0-301F-11D3-BF4B-00C04F79EFBC}") = "Middleware", "Middleware\Middleware.csproj", "{0F048547-49FE-4E9C-BE0F-B7CEC982365A}"
EndProject
Project("{FAE04EC0-301F-11D3-BF4B-00C04F79EFBC}") = "Messages", "dSoak-Common-CSharp\Messages\Messages.csproj", "{3E0A677D-9F28-4010-87AD-D03C4A84C6DB}"
EndProject
Project("{FAE04EC0-301F-11D3-BF4B-00C04F79EFBC}") = "MessageTesting", "dSoak-Common-CSharp\MessageTesting\MessageTesting.csproj", "{B6513D7E-233A-4372-B891-C4138054293B}"
EndProject
Project("{FAE04EC0-301F-11D3-BF4B-00C04F79EFBC}") = "SharedObjects", "dSoak-Common-CSharp\SharedObjects\SharedObjects.csproj", "{C3BC84DA-4FA3-4B1D-9AAC-C1D4ADE2EFFC}"
EndProject
Project("{FAE04EC0-301F-11D3-BF4B-00C04F79EFBC}") = "SharedObjectTesting", "dSoak-Common-CSharp\SharedObjectTesting\SharedObjectTesting.csproj", "{8C5CAB22-674C-4B96-8253-EA357DE563AA}"
EndProject
Global
	GlobalSection(SolutionConfigurationPlatforms) = preSolution
		Debug|Any CPU = Debug|Any CPU
		Release|Any CPU = Release|Any CPU
	EndGlobalSection
	GlobalSection(ProjectConfigurationPlatforms) = postSolution
		{287D5AAC-72D9-4BD5-A35E-D2A8E820BA6E}.Debug|Any CPU.ActiveCfg = Debug|Any CPU
		{287D5AAC-72D9-4BD5-A35E-D2A8E820BA6E}.Debug|Any CPU.Build.0 = Debug|Any CPU
		{287D5AAC-72D9-4BD5-A35E-D2A8E820BA6E}.Release|Any CPU.ActiveCfg = Release|Any CPU
		{287D5AAC-72D9-4BD5-A35E-D2A8E820BA6E}.Release|Any CPU.Build.0 = Release|Any CPU
		{91CC21ED-A77E-4205-A755-483AD09ED2F3}.Debug|Any CPU.ActiveCfg = Debug|Any CPU
		{91CC21ED-A77E-4205-A755-483AD09ED2F3}.Debug|Any CPU.Build.0 = Debug|Any CPU
		{91CC21ED-A77E-4205-A755-483AD09ED2F3}.Release|Any CPU.ActiveCfg = Release|Any CPU
		{91CC21ED-A77E-4205-A755-483AD09ED2F3}.Release|Any CPU.Build.0 = Release|Any CPU
		{0F048547-49FE-4E9C-BE0F-B7CEC982365A}.Debug|Any CPU.ActiveCfg = Debug|Any CPU
		{0F048547-49FE-4E9C-BE0F-B7CEC982365A}.Debug|Any CPU.Build.0 = Debug|Any CPU
		{0F048547-49FE-4E9C-BE0F-B7CEC982365A}.Release|Any CPU.ActiveCfg = Release|Any CPU
		{0F048547-49FE-4E9C-BE0F-B7CEC982365A}.Release|Any CPU.Build.0 = Release|Any CPU
		{3E0A677D-9F28-4010-87AD-D03C4A84C6DB}.Debug|Any CPU.ActiveCfg = Debug|Any CPU
		{3E0A677D-9F28-4010-87AD-D03C4A84C6DB}.Debug|Any CPU.Build.0 = Debug|Any CPU
		{3E0A677D-9F28-4010-87AD-D03C4A84C6DB}.Release|Any CPU.ActiveCfg = Release|Any CPU
		{3E0A677D-9F28-4010-87AD-D03C4A84C6DB}.Release|Any CPU.Build.0 = Release|Any CPU
		{B6513D7E-233A-4372-B891-C4138054293B}.Debug|Any CPU.ActiveCfg = Debug|Any CPU
		{B6513D7E-233A-4372-B891-C4138054293B}.Debug|Any CPU.Build.0 = Debug|Any CPU
		{B6513D7E-233A-4372-B891-C4138054293B}.Release|Any CPU.ActiveCfg = Release|Any CPU
		{B6513D7E-233A-4372-B891-C4138054293B}.Release|Any CPU.Build.0 = Release|Any CPU
		{C3BC84DA-4FA3-4B1D-9AAC-C1D4ADE2EFFC}.Debug|Any CPU.ActiveCfg = Debug|Any CPU
		{C3BC84DA-4FA3-4B1D-9AAC-C1D4ADE2EFFC}.Debug|Any CPU.Build.0 = Debug|Any CPU
		{C3BC84DA-4FA3-4B1D-9AAC-C1D4ADE2EFFC}.Release|Any CPU.ActiveCfg = Release|Any CPU
		{C3BC84DA-4FA3-4B1D-9AAC-C1D4ADE2EFFC}.Release|Any CPU.Build.0 = Release|Any CPU
		{8C5CAB22-674C-4B96-8253-EA357DE563AA}.Debug|Any CPU.ActiveCfg = Debug|Any CPU
		{8C5CAB22-674C-4B96-8253-EA357DE563AA}.Debug|Any CPU.Build.0 = Debug|Any CPU
		{8C5CAB22-674C-4B96-8253-EA357DE563AA}.Release|Any CPU.ActiveCfg = Release|Any CPU
		{8C5CAB22-674C-4B96-8253-EA357DE563AA}.Release|Any CPU.Build.0 = Release|Any CPU
	EndGlobalSection
	GlobalSection(SolutionProperties) = preSolution
		HideSolutionNode = FALSE
	EndGlobalSection
EndGlobal
